STORAGE: NONE
RESTRICTION: == netstandard2.0
NUGET
  remote: https://api.nuget.org/v3/index.json
    Fable.Core (5.0.0-rc.1)
      FSharp.Core (>= 4.7.2)
    FSharp.Core (5.0)

GROUP Test
STORAGE: NONE
RESTRICTION: == net10.0
NUGET
  remote: https://api.nuget.org/v3/index.json
    Fable.Core (5.0.0-rc.1)
      FSharp.Core (>= 4.7.2)
    FSharp.Core (11.0.100)
    Microsoft.CodeCoverage (18.4)
    Microsoft.NET.Test.Sdk (17.14.1)
      Microsoft.CodeCoverage (>= 17.14.1)
      Microsoft.TestPlatform.TestHost (>= 17.14.1)
    Microsoft.TestPlatform.ObjectModel (18.4)
      System.Reflection.Metadata (>= 8.0)
    Microsoft.TestPlatform.TestHost (18.4)
      Microsoft.TestPlatform.ObjectModel (>= 18.4)
      Newtonsoft.Json (>= 13.0.3)
    Newtonsoft.Json (13.0.4)
    System.Reflection.Metadata (10.0.6)
    xunit (2.9.3)
      xunit.analyzers (>= 1.18)
      xunit.assert (>= 2.9.3)
      xunit.core (2.9.3)
    xunit.abstractions (2.0.3)
    xunit.analyzers (1.27)
    xunit.assert (2.9.3)
    xunit.core (2.9.3)
      xunit.extensibility.core (2.9.3)
      xunit.extensibility.execution (2.9.3)
    xunit.extensibility.core (2.9.3)
      xunit.abstractions (>= 2.0.3)
    xunit.extensibility.execution (2.9.3)
      xunit.extensibility.core (2.9.3)
    xunit.runner.visualstudio (2.8.2)
